
Microsoft Visual Studio Solution File, Format Version 12.00
# Visual Studio Version 16
VisualStudioVersion = 16.0.31105.61
MinimumVisualStudioVersion = 10.0.40219.1
Project("{FAE04EC0-301F-11D3-BF4B-00C04F79EFBC}") = "hw6", "hw6\hw6.csproj", "{9EF07DD1-D0AE-42D0-923D-197B0E56BC77}"
EndProject
Project("{FAE04EC0-301F-11D3-BF4B-00C04F79EFBC}") = "hw6Server", "hw6Server\hw6Server.csproj", "{9B21B65E-C885-470C-B7F8-B42003A4BB9E}"
EndProject
Global
	GlobalSection(SolutionConfigurationPlatforms) = preSolution
		Debug|Any CPU = Debug|Any CPU
		Release|Any CPU = Release|Any CPU
	EndGlobalSection
	GlobalSection(ProjectConfigurationPlatforms) = postSolution
		{9EF07DD1-D0AE-42D0-923D-197B0E56BC77}.Debug|Any CPU.ActiveCfg = Debug|Any CPU
		{9EF07DD1-D0AE-42D0-923D-197B0E56BC77}.Debug|Any CPU.Build.0 = Debug|Any CPU
		{9EF07DD1-D0AE-42D0-923D-197B0E56BC77}.Release|Any CPU.ActiveCfg = Release|Any CPU
		{9EF07DD1-D0AE-42D0-923D-197B0E56BC77}.Release|Any CPU.Build.0 = Release|Any CPU
		{9B21B65E-C885-470C-B7F8-B42003A4BB9E}.Debug|Any CPU.ActiveCfg = Debug|Any CPU
		{9B21B65E-C885-470C-B7F8-B42003A4BB9E}.Debug|Any CPU.Build.0 = Debug|Any CPU
		{9B21B65E-C885-470C-B7F8-B42003A4BB9E}.Release|Any CPU.ActiveCfg = Release|Any CPU
		{9B21B65E-C885-470C-B7F8-B42003A4BB9E}.Release|Any CPU.Build.0 = Release|Any CPU
	EndGlobalSection
	GlobalSection(SolutionProperties) = preSolution
		HideSolutionNode = FALSE
	EndGlobalSection
	GlobalSection(ExtensibilityGlobals) = postSolution
		SolutionGuid = {3265BD6C-C172-4EFC-8D10-4D120B581C7A}
	EndGlobalSection
EndGlobal
